
Microsoft Visual Studio Solution File, Format Version 12.00
# Visual Studio Version 17
VisualStudioVersion = 17.0.31903.59
MinimumVisualStudioVersion = 10.0.40219.1
Project("{9A19103F-16F7-4668-BE54-9A1E7A4F7556}") = "FF.DataEntry", "FF.DataEntry\FF.DataEntry.csproj", "{A39B39B3-0C06-48A2-8D84-0E3E077A44EE}"
EndProject
Project("{9A19103F-16F7-4668-BE54-9A1E7A4F7556}") = "FF.DataUI", "FF.DataUI\FF.DataUI.csproj", "{39028896-E200-4170-8BD8-036885E2AA98}"
EndProject
Global
	GlobalSection(SolutionConfigurationPlatforms) = preSolution
		Debug|Any CPU = Debug|Any CPU
		Debug|ARM = Debug|ARM
		Debug|x64 = Debug|x64
		Debug|x86 = Debug|x86
		Release|Any CPU = Release|Any CPU
		Release|ARM = Release|ARM
		Release|x64 = Release|x64
		Release|x86 = Release|x86
	EndGlobalSection
	GlobalSection(ProjectConfigurationPlatforms) = postSolution
		{A39B39B3-0C06-48A2-8D84-0E3E077A44EE}.Debug|Any CPU.ActiveCfg = Debug|Any CPU
		{A39B39B3-0C06-48A2-8D84-0E3E077A44EE}.Debug|Any CPU.Build.0 = Debug|Any CPU
		{A39B39B3-0C06-48A2-8D84-0E3E077A44EE}.Debug|ARM.ActiveCfg = Debug|Any CPU
		{A39B39B3-0C06-48A2-8D84-0E3E077A44EE}.Debug|ARM.Build.0 = Debug|Any CPU
		{A39B39B3-0C06-48A2-8D84-0E3E077A44EE}.Debug|x64.ActiveCfg = Debug|Any CPU
		{A39B39B3-0C06-48A2-8D84-0E3E077A44EE}.Debug|x64.Build.0 = Debug|Any CPU
		{A39B39B3-0C06-48A2-8D84-0E3E077A44EE}.Debug|x86.ActiveCfg = Debug|Any CPU
		{A39B39B3-0C06-48A2-8D84-0E3E077A44EE}.Debug|x86.Build.0 = Debug|Any CPU
		{A39B39B3-0C06-48A2-8D84-0E3E077A44EE}.Release|Any CPU.ActiveCfg = Release|Any CPU
		{A39B39B3-0C06-48A2-8D84-0E3E077A44EE}.Release|Any CPU.Build.0 = Release|Any CPU
		{A39B39B3-0C06-48A2-8D84-0E3E077A44EE}.Release|ARM.ActiveCfg = Release|Any CPU
		{A39B39B3-0C06-48A2-8D84-0E3E077A44EE}.Release|ARM.Build.0 = Release|Any CPU
		{A39B39B3-0C06-48A2-8D84-0E3E077A44EE}.Release|x64.ActiveCfg = Release|Any CPU
		{A39B39B3-0C06-48A2-8D84-0E3E077A44EE}.Release|x64.Build.0 = Release|Any CPU
		{A39B39B3-0C06-48A2-8D84-0E3E077A44EE}.Release|x86.ActiveCfg = Release|Any CPU
		{A39B39B3-0C06-48A2-8D84-0E3E077A44EE}.Release|x86.Build.0 = Release|Any CPU
		{39028896-E200-4170-8BD8-036885E2AA98}.Debug|Any CPU.ActiveCfg = Debug|Any CPU
		{39028896-E200-4170-8BD8-036885E2AA98}.Debug|Any CPU.Build.0 = Debug|Any CPU
		{39028896-E200-4170-8BD8-036885E2AA98}.Debug|ARM.ActiveCfg = Debug|Any CPU
		{39028896-E200-4170-8BD8-036885E2AA98}.Debug|ARM.Build.0 = Debug|Any CPU
		{39028896-E200-4170-8BD8-036885E2AA98}.Debug|x64.ActiveCfg = Debug|Any CPU
		{39028896-E200-4170-8BD8-036885E2AA98}.Debug|x64.Build.0 = Debug|Any CPU
		{39028896-E200-4170-8BD8-036885E2AA98}.Debug|x86.ActiveCfg = Debug|Any CPU
		{39028896-E200-4170-8BD8-036885E2AA98}.Debug|x86.Build.0 = Debug|Any CPU
		{39028896-E200-4170-8BD8-036885E2AA98}.Release|Any CPU.ActiveCfg = Release|Any CPU
		{39028896-E200-4170-8BD8-036885E2AA98}.Release|Any CPU.Build.0 = Release|Any CPU
		{39028896-E200-4170-8BD8-036885E2AA98}.Release|ARM.ActiveCfg = Release|Any CPU
		{39028896-E200-4170-8BD8-036885E2AA98}.Release|ARM.Build.0 = Release|Any CPU
		{39028896-E200-4170-8BD8-036885E2AA98}.Release|x64.ActiveCfg = Release|Any CPU
		{39028896-E200-4170-8BD8-036885E2AA98}.Release|x64.Build.0 = Release|Any CPU
		{39028896-E200-4170-8BD8-036885E2AA98}.Release|x86.ActiveCfg = Release|Any CPU
		{39028896-E200-4170-8BD8-036885E2AA98}.Release|x86.Build.0 = Release|Any CPU
	EndGlobalSection
	GlobalSection(SolutionProperties) = preSolution
		HideSolutionNode = FALSE
	EndGlobalSection
	GlobalSection(ExtensibilityGlobals) = postSolution
		SolutionGuid = {3C23BF9F-A209-48B4-B0B5-4F862C8CBF6B}
	EndGlobalSection
EndGlobal
